// !$*UTF8*$!
{
	archiveVersion = 1;
	classes = {
	};
	objectVersion = 46;
	objects = {

/* Begin PBXBuildFile section */
		1266C2C419F5551E003E9A72 /* Foundation.framework in Frameworks */ = {isa = PBXBuildFile; fileRef = 1266C2C319F5551E003E9A72 /* Foundation.framework */; };
		1266C2C619F5551E003E9A72 /* CoreGraphics.framework in Frameworks */ = {isa = PBXBuildFile; fileRef = 1266C2C519F5551E003E9A72 /* CoreGraphics.framework */; };
		1266C2C819F5551E003E9A72 /* UIKit.framework in Frameworks */ = {isa = PBXBuildFile; fileRef = 1266C2C719F5551E003E9A72 /* UIKit.framework */; };
		1266C2CE19F5551E003E9A72 /* InfoPlist.strings in Resources */ = {isa = PBXBuildFile; fileRef = 1266C2CC19F5551E003E9A72 /* InfoPlist.strings */; };
		1266C2D019F5551E003E9A72 /* main.m in Sources */ = {isa = PBXBuildFile; fileRef = 1266C2CF19F5551E003E9A72 /* main.m */; };
		1266C2D419F5551E003E9A72 /* MVAppDelegate.m in Sources */ = {isa = PBXBuildFile; fileRef = 1266C2D319F5551E003E9A72 /* MVAppDelegate.m */; };
		1266C2D719F5551E003E9A72 /* Main.storyboard in Resources */ = {isa = PBXBuildFile; fileRef = 1266C2D519F5551E003E9A72 /* Main.storyboard */; };
		1266C2DA19F5551E003E9A72 /* MVViewController.m in Sources */ = {isa = PBXBuildFile; fileRef = 1266C2D919F5551E003E9A72 /* MVViewController.m */; };
		1266C2DC19F5551E003E9A72 /* Images.xcassets in Resources */ = {isa = PBXBuildFile; fileRef = 1266C2DB19F5551E003E9A72 /* Images.xcassets */; };
		1266C2E319F5551E003E9A72 /* XCTest.framework in Frameworks */ = {isa = PBXBuildFile; fileRef = 1266C2E219F5551E003E9A72 /* XCTest.framework */; };
		1266C2E419F5551E003E9A72 /* Foundation.framework in Frameworks */ = {isa = PBXBuildFile; fileRef = 1266C2C319F5551E003E9A72 /* Foundation.framework */; };
		1266C2E519F5551E003E9A72 /* UIKit.framework in Frameworks */ = {isa = PBXBuildFile; fileRef = 1266C2C719F5551E003E9A72 /* UIKit.framework */; };
		1266C2ED19F5551E003E9A72 /* InfoPlist.strings in Resources */ = {isa = PBXBuildFile; fileRef = 1266C2EB19F5551E003E9A72 /* InfoPlist.strings */; };
		1266C2EF19F5551E003E9A72 /* Parse_TestTests.m in Sources */ = {isa = PBXBuildFile; fileRef = 1266C2EE19F5551E003E9A72 /* Parse_TestTests.m */; };
/* End PBXBuildFile section */

/* Begin PBXContainerItemProxy section */
		1266C2E619F5551E003E9A72 /* PBXContainerItemProxy */ = {
			isa = PBXContainerItemProxy;
			containerPortal = 1266C2B819F5551E003E9A72 /* Project object */;
			proxyType = 1;
			remoteGlobalIDString = 1266C2BF19F5551E003E9A72;
			remoteInfo = "Parse Test";
		};
/* End PBXContainerItemProxy section */

/* Begin PBXFileReference section */
		1266C2C019F5551E003E9A72 /* Parse Test.app */ = {isa = PBXFileReference; explicitFileType = wrapper.application; includeInIndex = 0; path = "Parse Test.app"; sourceTree = BUILT_PRODUCTS_DIR; };
		1266C2C319F5551E003E9A72 /* Foundation.framework */ = {isa = PBXFileReference; lastKnownFileType = wrapper.framework; name = Foundation.framework; path = System/Library/Frameworks/Foundation.framework; sourceTree = SDKROOT; };
		1266C2C519F5551E003E9A72 /* CoreGraphics.framework */ = {isa = PBXFileReference; lastKnownFileType = wrapper.framework; name = CoreGraphics.framework; path = System/Library/Frameworks/CoreGraphics.framework; sourceTree = SDKROOT; };
		1266C2C719F5551E003E9A72 /* UIKit.framework */ = {isa = PBXFileReference; lastKnownFileType = wrapper.framework; name = UIKit.framework; path = System/Library/Frameworks/UIKit.framework; sourceTree = SDKROOT; };
		1266C2CB19F5551E003E9A72 /* Parse Test-Info.plist */ = {isa = PBXFileReference; lastKnownFileType = text.plist.xml; path = "Parse Test-Info.plist"; sourceTree = "<group>"; };
		1266C2CD19F5551E003E9A72 /* en */ = {isa = PBXFileReference; lastKnownFileType = text.plist.strings; name = en; path = en.lproj/InfoPlist.strings; sourceTree = "<group>"; };
		1266C2CF19F5551E003E9A72 /* main.m */ = {isa = PBXFileReference; lastKnownFileType = sourcecode.c.objc; path = main.m; sourceTree = "<group>"; };
		1266C2D119F5551E003E9A72 /* Parse Test-Prefix.pch */ = {isa = PBXFileReference; lastKnownFileType = sourcecode.c.h; path = "Parse Test-Prefix.pch"; sourceTree = "<group>"; };
		1266C2D219F5551E003E9A72 /* MVAppDelegate.h */ = {isa = PBXFileReference; lastKnownFileType = sourcecode.c.h; path = MVAppDelegate.h; sourceTree = "<group>"; };
		1266C2D319F5551E003E9A72 /* MVAppDelegate.m */ = {isa = PBXFileReference; lastKnownFileType = sourcecode.c.objc; path = MVAppDelegate.m; sourceTree = "<group>"; };
		1266C2D619F5551E003E9A72 /* Base */ = {isa = PBXFileReference; lastKnownFileType = file.storyboard; name = Base; path = Base.lproj/Main.storyboard; sourceTree = "<group>"; };
		1266C2D819F5551E003E9A72 /* MVViewController.h */ = {isa = PBXFileReference; lastKnownFileType = sourcecode.c.h; path = MVViewController.h; sourceTree = "<group>"; };
		1266C2D919F5551E003E9A72 /* MVViewController.m */ = {isa = PBXFileReference; lastKnownFileType = sourcecode.c.objc; path = MVViewController.m; sourceTree = "<group>"; };
		1266C2DB19F5551E003E9A72 /* Images.xcassets */ = {isa = PBXFileReference; lastKnownFileType = folder.assetcatalog; path = Images.xcassets; sourceTree = "<group>"; };
		1266C2E119F5551E003E9A72 /* Parse TestTests.xctest */ = {isa = PBXFileReference; explicitFileType = wrapper.cfbundle; includeInIndex = 0; path = "Parse TestTests.xctest"; sourceTree = BUILT_PRODUCTS_DIR; };
		1266C2E219F5551E003E9A72 /* XCTest.framework */ = {isa = PBXFileReference; lastKnownFileType = wrapper.framework; name = XCTest.framework; path = Library/Frameworks/XCTest.framework; sourceTree = DEVELOPER_DIR; };
		1266C2EA19F5551E003E9A72 /* Parse TestTests-Info.plist */ = {isa = PBXFileReference; lastKnownFileType = text.plist.xml; path = "Parse TestTests-Info.plist"; sourceTree = "<group>"; };
		1266C2EC19F5551E003E9A72 /* en */ = {isa = PBXFileReference; lastKnownFileType = text.plist.strings; name = en; path = en.lproj/InfoPlist.strings; sourceTree = "<group>"; };
		1266C2EE19F5551E003E9A72 /* Parse_TestTests.m */ = {isa = PBXFileReference; lastKnownFileType = sourcecode.c.objc; path = Parse_TestTests.m; sourceTree = "<group>"; };
/* End PBXFileReference section */

/* Begin PBXFrameworksBuildPhase section */
		1266C2BD19F5551E003E9A72 /* Frameworks */ = {
			isa = PBXFrameworksBuildPhase;
			buildActionMask = 2147483647;
			files = (
				1266C2C619F5551E003E9A72 /* CoreGraphics.framework in Frameworks */,
				1266C2C819F5551E003E9A72 /* UIKit.framework in Frameworks */,
				1266C2C419F5551E003E9A72 /* Foundation.framework in Frameworks */,
			);
			runOnlyForDeploymentPostprocessing = 0;
		};
		1266C2DE19F5551E003E9A72 /* Frameworks */ = {
			isa = PBXFrameworksBuildPhase;
			buildActionMask = 2147483647;
			files = (
				1266C2E319F5551E003E9A72 /* XCTest.framework in Frameworks */,
				1266C2E519F5551E003E9A72 /* UIKit.framework in Frameworks */,
				1266C2E419F5551E003E9A72 /* Foundation.framework in Frameworks */,
			);
			runOnlyForDeploymentPostprocessing = 0;
		};
/* End PBXFrameworksBuildPhase section */

/* Begin PBXGroup section */
		1266C2B719F5551E003E9A72 = {
			isa = PBXGroup;
			children = (
				1266C2C919F5551E003E9A72 /* Parse Test */,
				1266C2E819F5551E003E9A72 /* Parse TestTests */,
				1266C2C219F5551E003E9A72 /* Frameworks */,
				1266C2C119F5551E003E9A72 /* Products */,
			);
			sourceTree = "<group>";
		};
		1266C2C119F5551E003E9A72 /* Products */ = {
			isa = PBXGroup;
			children = (
				1266C2C019F5551E003E9A72 /* Parse Test.app */,
				1266C2E119F5551E003E9A72 /* Parse TestTests.xctest */,
			);
			name = Products;
			sourceTree = "<group>";
		};
		1266C2C219F5551E003E9A72 /* Frameworks */ = {
			isa = PBXGroup;
			children = (
				1266C2C319F5551E003E9A72 /* Foundation.framework */,
				1266C2C519F5551E003E9A72 /* CoreGraphics.framework */,
				1266C2C719F5551E003E9A72 /* UIKit.framework */,
				1266C2E219F5551E003E9A72 /* XCTest.framework */,
			);
			name = Frameworks;
			sourceTree = "<group>";
		};
		1266C2C919F5551E003E9A72 /* Parse Test */ = {
			isa = PBXGroup;
			children = (
				1266C2D219F5551E003E9A72 /* MVAppDelegate.h */,
				1266C2D319F5551E003E9A72 /* MVAppDelegate.m */,
				1266C2D519F5551E003E9A72 /* Main.storyboard */,
				1266C2D819F5551E003E9A72 /* MVViewController.h */,
				1266C2D919F5551E003E9A72 /* MVViewController.m */,
				1266C2DB19F5551E003E9A72 /* Images.xcassets */,
				1266C2CA19F5551E003E9A72 /* Supporting Files */,
			);
			path = "Parse Test";
			sourceTree = "<group>";
		};
		1266C2CA19F5551E003E9A72 /* Supporting Files */ = {
			isa = PBXGroup;
			children = (
				1266C2CB19F5551E003E9A72 /* Parse Test-Info.plist */,
				1266C2CC19F5551E003E9A72 /* InfoPlist.strings */,
				1266C2CF19F5551E003E9A72 /* main.m */,
				1266C2D119F5551E003E9A72 /* Parse Test-Prefix.pch */,
			);
			name = "Supporting Files";
			sourceTree = "<group>";
		};
		1266C2E819F5551E003E9A72 /* Parse TestTests */ = {
			isa = PBXGroup;
			children = (
				1266C2EE19F5551E003E9A72 /* Parse_TestTests.m */,
				1266C2E919F5551E003E9A72 /* Supporting Files */,
			);
			path = "Parse TestTests";
			sourceTree = "<group>";
		};
		1266C2E919F5551E003E9A72 /* Supporting Files */ = {
			isa = PBXGroup;
			children = (
				1266C2EA19F5551E003E9A72 /* Parse TestTests-Info.plist */,
				1266C2EB19F5551E003E9A72 /* InfoPlist.strings */,
			);
			name = "Supporting Files";
			sourceTree = "<group>";
		};
/* End PBXGroup section */

/* Begin PBXNativeTarget section */
		1266C2BF19F5551E003E9A72 /* Parse Test */ = {
			isa = PBXNativeTarget;
			buildConfigurationList = 1266C2F219F5551E003E9A72 /* Build configuration list for PBXNativeTarget "Parse Test" */;
			buildPhases = (
				1266C2BC19F5551E003E9A72 /* Sources */,
				1266C2BD19F5551E003E9A72 /* Frameworks */,
				1266C2BE19F5551E003E9A72 /* Resources */,
			);
			buildRules = (
			);
			dependencies = (
			);
			name = "Parse Test";
			productName = "Parse Test";
			productReference = 1266C2C019F5551E003E9A72 /* Parse Test.app */;
			productType = "com.apple.product-type.application";
		};
		1266C2E019F5551E003E9A72 /* Parse TestTests */ = {
			isa = PBXNativeTarget;
			buildConfigurationList = 1266C2F519F5551E003E9A72 /* Build configuration list for PBXNativeTarget "Parse TestTests" */;
			buildPhases = (
				1266C2DD19F5551E003E9A72 /* Sources */,
				1266C2DE19F5551E003E9A72 /* Frameworks */,
				1266C2DF19F5551E003E9A72 /* Resources */,
			);
			buildRules = (
			);
			dependencies = (
				1266C2E719F5551E003E9A72 /* PBXTargetDependency */,
			);
			name = "Parse TestTests";
			productName = "Parse TestTests";
			productReference = 1266C2E119F5551E003E9A72 /* Parse TestTests.xctest */;
			productType = "com.apple.product-type.bundle.unit-test";
		};
/* End PBXNativeTarget section */

/* Begin PBXProject section */
		1266C2B819F5551E003E9A72 /* Project object */ = {
			isa = PBXProject;
			attributes = {
				CLASSPREFIX = MV;
				LastUpgradeCheck = 0510;
				TargetAttributes = {
					1266C2E019F5551E003E9A72 = {
						TestTargetID = 1266C2BF19F5551E003E9A72;
					};
				};
			};
			buildConfigurationList = 1266C2BB19F5551E003E9A72 /* Build configuration list for PBXProject "Parse Test" */;
			compatibilityVersion = "Xcode 3.2";
			developmentRegion = English;
			hasScannedForEncodings = 0;
			knownRegions = (
				en,
				Base,
			);
			mainGroup = 1266C2B719F5551E003E9A72;
			productRefGroup = 1266C2C119F5551E003E9A72 /* Products */;
			projectDirPath = "";
			projectRoot = "";
			targets = (
				1266C2BF19F5551E003E9A72 /* Parse Test */,
				1266C2E019F5551E003E9A72 /* Parse TestTests */,
			);
		};
/* End PBXProject section */

/* Begin PBXResourcesBuildPhase section */
		1266C2BE19F5551E003E9A72 /* Resources */ = {
			isa = PBXResourcesBuildPhase;
			buildActionMask = 2147483647;
			files = (
				1266C2DC19F5551E003E9A72 /* Images.xcassets in Resources */,
				1266C2CE19F5551E003E9A72 /* InfoPlist.strings in Resources */,
				1266C2D719F5551E003E9A72 /* Main.storyboard in Resources */,
			);
			runOnlyForDeploymentPostprocessing = 0;
		};
		1266C2DF19F5551E003E9A72 /* Resources */ = {
			isa = PBXResourcesBuildPhase;
			buildActionMask = 2147483647;
			files = (
				1266C2ED19F5551E003E9A72 /* InfoPlist.strings in Resources */,
			);
			runOnlyForDeploymentPostprocessing = 0;
		};
/* End PBXResourcesBuildPhase section */

/* Begin PBXSourcesBuildPhase section */
		1266C2BC19F5551E003E9A72 /* Sources */ = {
			isa = PBXSourcesBuildPhase;
			buildActionMask = 2147483647;
			files = (
				1266C2D019F5551E003E9A72 /* main.m in Sources */,
				1266C2DA19F5551E003E9A72 /* MVViewController.m in Sources */,
				1266C2D419F5551E003E9A72 /* MVAppDelegate.m in Sources */,
			);
			runOnlyForDeploymentPostprocessing = 0;
		};
		1266C2DD19F5551E003E9A72 /* Sources */ = {
			isa = PBXSourcesBuildPhase;
			buildActionMask = 2147483647;
			files = (
				1266C2EF19F5551E003E9A72 /* Parse_TestTests.m in Sources */,
			);
			runOnlyForDeploymentPostprocessing = 0;
		};
/* End PBXSourcesBuildPhase section */

/* Begin PBXTargetDependency section */
		1266C2E719F5551E003E9A72 /* PBXTargetDependency */ = {
			isa = PBXTargetDependency;
			target = 1266C2BF19F5551E003E9A72 /* Parse Test */;
			targetProxy = 1266C2E619F5551E003E9A72 /* PBXContainerItemProxy */;
		};
/* End PBXTargetDependency section */

/* Begin PBXVariantGroup section */
		1266C2CC19F5551E003E9A72 /* InfoPlist.strings */ = {
			isa = PBXVariantGroup;
			children = (
				1266C2CD19F5551E003E9A72 /* en */,
			);
			name = InfoPlist.strings;
			sourceTree = "<group>";
		};
		1266C2D519F5551E003E9A72 /* Main.storyboard */ = {
			isa = PBXVariantGroup;
			children = (
				1266C2D619F5551E003E9A72 /* Base */,
			);
			name = Main.storyboard;
			sourceTree = "<group>";
		};
		1266C2EB19F5551E003E9A72 /* InfoPlist.strings */ = {
			isa = PBXVariantGroup;
			children = (
				1266C2EC19F5551E003E9A72 /* en */,
			);
			name = InfoPlist.strings;
			sourceTree = "<group>";
		};
/* End PBXVariantGroup section */

/* Begin XCBuildConfiguration section */
		1266C2F019F5551E003E9A72 /* Debug */ = {
			isa = XCBuildConfiguration;
			buildSettings = {
				ALWAYS_SEARCH_USER_PATHS = NO;
				CLANG_CXX_LANGUAGE_STANDARD = "gnu++0x";
				CLANG_CXX_LIBRARY = "libc++";
				CLANG_ENABLE_MODULES = YES;
				CLANG_ENABLE_OBJC_ARC = YES;
				CLANG_WARN_BOOL_CONVERSION = YES;
				CLANG_WARN_CONSTANT_CONVERSION = YES;
				CLANG_WARN_DIRECT_OBJC_ISA_USAGE = YES_ERROR;
				CLANG_WARN_EMPTY_BODY = YES;
				CLANG_WARN_ENUM_CONVERSION = YES;
				CLANG_WARN_INT_CONVERSION = YES;
				CLANG_WARN_OBJC_ROOT_CLASS = YES_ERROR;
				CLANG_WARN__DUPLICATE_METHOD_MATCH = YES;
				"CODE_SIGN_IDENTITY[sdk=iphoneos*]" = "iPhone Developer";
				COPY_PHASE_STRIP = NO;
				GCC_C_LANGUAGE_STANDARD = gnu99;
				GCC_DYNAMIC_NO_PIC = NO;
				GCC_OPTIMIZATION_LEVEL = 0;
				GCC_PREPROCESSOR_DEFINITIONS = (
					"DEBUG=1",
					"$(inherited)",
				);
				GCC_SYMBOLS_PRIVATE_EXTERN = NO;
				GCC_WARN_64_TO_32_BIT_CONVERSION = YES;
				GCC_WARN_ABOUT_RETURN_TYPE = YES_ERROR;
				GCC_WARN_UNDECLARED_SELECTOR = YES;
				GCC_WARN_UNINITIALIZED_AUTOS = YES_AGGRESSIVE;
				GCC_WARN_UNUSED_FUNCTION = YES;
				GCC_WARN_UNUSED_VARIABLE = YES;
				IPHONEOS_DEPLOYMENT_TARGET = 7.1;
				ONLY_ACTIVE_ARCH = YES;
				SDKROOT = iphoneos;
			};
			name = Debug;
		};
		1266C2F119F5551E003E9A72 /* Release */ = {
			isa = XCBuildConfiguration;
			buildSettings = {
				ALWAYS_SEARCH_USER_PATHS = NO;
				CLANG_CXX_LANGUAGE_STANDARD = "gnu++0x";
				CLANG_CXX_LIBRARY = "libc++";
				CLANG_ENABLE_MODULES = YES;
				CLANG_ENABLE_OBJC_ARC = YES;
				CLANG_WARN_BOOL_CONVERSION = YES;
				CLANG_WARN_CONSTANT_CONVERSION = YES;
				CLANG_WARN_DIRECT_OBJC_ISA_USAGE = YES_ERROR;
				CLANG_WARN_EMPTY_BODY = YES;
				CLANG_WARN_ENUM_CONVERSION = YES;
				CLANG_WARN_INT_CONVERSION = YES;
				CLANG_WARN_OBJC_ROOT_CLASS = YES_ERROR;
				CLANG_WARN__DUPLICATE_METHOD_MATCH = YES;
				"CODE_SIGN_IDENTITY[sdk=iphoneos*]" = "iPhone Developer";
				COPY_PHASE_STRIP = YES;
				ENABLE_NS_ASSERTIONS = NO;
				GCC_C_LANGUAGE_STANDARD = gnu99;
				GCC_WARN_64_TO_32_BIT_CONVERSION = YES;
				GCC_WARN_ABOUT_RETURN_TYPE = YES_ERROR;
				GCC_WARN_UNDECLARED_SELECTOR = YES;
				GCC_WARN_UNINITIALIZED_AUTOS = YES_AGGRESSIVE;
				GCC_WARN_UNUSED_FUNCTION = YES;
				GCC_WARN_UNUSED_VARIABLE = YES;
				IPHONEOS_DEPLOYMENT_TARGET = 7.1;
				SDKROOT = iphoneos;
				VALIDATE_PRODUCT = YES;
			};
			name = Release;
		};
		1266C2F319F5551E003E9A72 /* Debug */ = {
			isa = XCBuildConfiguration;
			buildSettings = {
				ASSETCATALOG_COMPILER_APPICON_NAME = AppIcon;
				ASSETCATALOG_COMPILER_LAUNCHIMAGE_NAME = LaunchImage;
				GCC_PRECOMPILE_PREFIX_HEADER = YES;
				GCC_PREFIX_HEADER = "Parse Test/Parse Test-Prefix.pch";
				INFOPLIST_FILE = "Parse Test/Parse Test-Info.plist";
				PRODUCT_NAME = "$(TARGET_NAME)";
				WRAPPER_EXTENSION = app;
			};
			name = Debug;
		};
		1266C2F419F5551E003E9A72 /* Release */ = {
			isa = XCBuildConfiguration;
			buildSettings = {
				ASSETCATALOG_COMPILER_APPICON_NAME = AppIcon;
				ASSETCATALOG_COMPILER_LAUNCHIMAGE_NAME = LaunchImage;
				GCC_PRECOMPILE_PREFIX_HEADER = YES;
				GCC_PREFIX_HEADER = "Parse Test/Parse Test-Prefix.pch";
				INFOPLIST_FILE = "Parse Test/Parse Test-Info.plist";
				PRODUCT_NAME = "$(TARGET_NAME)";
				WRAPPER_EXTENSION = app;
			};
			name = Release;
		};
		1266C2F619F5551E003E9A72 /* Debug */ = {
			isa = XCBuildConfiguration;
			buildSettings = {
				BUNDLE_LOADER = "$(BUILT_PRODUCTS_DIR)/Parse Test.app/Parse Test";
				FRAMEWORK_SEARCH_PATHS = (
					"$(SDKROOT)/Developer/Library/Frameworks",
					"$(inherited)",
					"$(DEVELOPER_FRAMEWORKS_DIR)",
				);
				GCC_PRECOMPILE_PREFIX_HEADER = YES;
				GCC_PREFIX_HEADER = "Parse Test/Parse Test-Prefix.pch";
				GCC_PREPROCESSOR_DEFINITIONS = (
					"DEBUG=1",
					"$(inherited)",
				);
				INFOPLIST_FILE = "Parse TestTests/Parse TestTests-Info.plist";
				PRODUCT_NAME = "$(TARGET_NAME)";
				TEST_HOST = "$(BUNDLE_LOADER)";
				WRAPPER_EXTENSION = xctest;
			};
			name = Debug;
		};
		1266C2F719F5551E003E9A72 /* Release */ = {
			isa = XCBuildConfiguration;
			buildSettings = {
				BUNDLE_LOADER = "$(BUILT_PRODUCTS_DIR)/Parse Test.app/Parse Test";
				FRAMEWORK_SEARCH_PATHS = (
					"$(SDKROOT)/Developer/Library/Frameworks",
					"$(inherited)",
					"$(DEVELOPER_FRAMEWORKS_DIR)",
				);
				GCC_PRECOMPILE_PREFIX_HEADER = YES;
				GCC_PREFIX_HEADER = "Parse Test/Parse Test-Prefix.pch";
				INFOPLIST_FILE = "Parse TestTests/Parse TestTests-Info.plist";
				PRODUCT_NAME = "$(TARGET_NAME)";
				TEST_HOST = "$(BUNDLE_LOADER)";
				WRAPPER_EXTENSION = xctest;
			};
			name = Release;
		};
/* End XCBuildConfiguration section */

/* Begin XCConfigurationList section */
		1266C2BB19F5551E003E9A72 /* Build configuration list for PBXProject "Parse Test" */ = {
			isa = XCConfigurationList;
			buildConfigurations = (
				1266C2F019F5551E003E9A72 /* Debug */,
				1266C2F119F5551E003E9A72 /* Release */,
			);
			defaultConfigurationIsVisible = 0;
			defaultConfigurationName = Release;
		};
		1266C2F219F5551E003E9A72 /* Build configuration list for PBXNativeTarget "Parse Test" */ = {
			isa = XCConfigurationList;
			buildConfigurations = (
				1266C2F319F5551E003E9A72 /* Debug */,
				1266C2F419F5551E003E9A72 /* Release */,
			);
			defaultConfigurationIsVisible = 0;
		};
		1266C2F519F5551E003E9A72 /* Build configuration list for PBXNativeTarget "Parse TestTests" */ = {
			isa = XCConfigurationList;
			buildConfigurations = (
				1266C2F619F5551E003E9A72 /* Debug */,
				1266C2F719F5551E003E9A72 /* Release */,
			);
			defaultConfigurationIsVisible = 0;
		};
/* End XCConfigurationList section */
	};
	rootObject = 1266C2B819F5551E003E9A72 /* Project object */;
}
